{
  "name": "@littleq/core-lite",
  "version": "0.0.5",
  "lockfileVersion": 1,
  "requires": true,
  "dependencies": {
    "@littleq/location-lite": {
      "version": "0.1.3",
      "resolved": "https://registry.npmjs.org/@littleq/location-lite/-/location-lite-0.1.3.tgz",
      "integrity": "sha512-y5S1Mjq9NV2yLDB2FhaGrkhhbKJDkzl1u8+rRfHELCDOkTV10WRq3w8ldYlETtb7jtFA8b8WZ6ioZlchLYUvWw=="
    },
    "@littleq/query-lite": {
      "version": "0.1.1",
      "resolved": "https://registry.npmjs.org/@littleq/query-lite/-/query-lite-0.1.1.tgz",
      "integrity": "sha512-Xr5jIrgxMiuDoEX8RT28e8JPNqjHYrmHVO90CPRhgPpc3Zgs0CNa5PlS4YSwwHGUifoeqSzko14bBxEVpJo6Nw=="
    },
    "@littleq/router-lite": {
      "version": "0.1.1-4",
      "resolved": "https://registry.npmjs.org/@littleq/router-lite/-/router-lite-0.1.1-4.tgz",
      "integrity": "sha512-EOoOKJsqUpkITyzpruUZk5yCNJwsGP86HAVMcJJXD7/k4wB0EX5ygH+MNB1hA69qf72s5+LNOKxoTq/1q4mzdw==",
      "requires": {
        "path-to-regexp": "^2.2.0"
      }
    },
    "@littleq/template-loader-lite": {
      "version": "0.0.4",
      "resolved": "https://registry.npmjs.org/@littleq/template-loader-lite/-/template-loader-lite-0.0.4.tgz",
      "integrity": "sha512-7JWPEqU8kGuFdGFSG3kYQLB4khVyiuzgRwmft4IPrQ+Lb1kmYfXZyHurzWotJe4M+EkVcUjXs18QnClLdDp6AQ=="
    },
    "@littleq/template-viewer-lite": {
      "version": "0.0.2-5",
      "resolved": "https://registry.npmjs.org/@littleq/template-viewer-lite/-/template-viewer-lite-0.0.2-5.tgz",
      "integrity": "sha512-Ax/NaYE32jNtMqS6bmWBrZWxOkwMSf/Axdf2Flil3GpKGXmIVjGrrrx7omoBZ178r47zA6rWvix5Wqs+63MEzA=="
    },
    "path-to-regexp": {
      "version": "2.4.0",
      "resolved": "https://registry.npmjs.org/path-to-regexp/-/path-to-regexp-2.4.0.tgz",
      "integrity": "sha512-G6zHoVqC6GGTQkZwF4lkuEyMbVOjoBKAEybQUypI1WTkqinCOrq2x6U2+phkJ1XsEMTy4LjtwPI7HW+NVrRR2w=="
    }
  }
}
